// !$*UTF8*$!
{
	archiveVersion = 1;
	classes = {
	};
	objectVersion = 56;
	objects = {

/* Begin PBXBuildFile section */
		B8110F632AFA7CBC004CD6B4 /* MemoGameModel.swift in Sources */ = {isa = PBXBuildFile; fileRef = B8110F622AFA7CBC004CD6B4 /* MemoGameModel.swift */; };
		B886BC042B19134100479A6F /* CirclePart.swift in Sources */ = {isa = PBXBuildFile; fileRef = B886BC032B19134100479A6F /* CirclePart.swift */; };
		B886BC062B191A5F00479A6F /* TransformIntoCard.swift in Sources */ = {isa = PBXBuildFile; fileRef = B886BC052B191A5F00479A6F /* TransformIntoCard.swift */; };
		B886BC082B19326200479A6F /* FlyingNumber.swift in Sources */ = {isa = PBXBuildFile; fileRef = B886BC072B19326200479A6F /* FlyingNumber.swift */; };
		B8871DA12AFBFADB00F53966 /* MemoGameViewModel.swift in Sources */ = {isa = PBXBuildFile; fileRef = B8871DA02AFBFADB00F53966 /* MemoGameViewModel.swift */; };
		B8EFB86F2ADEB4790049F961 /* LabSwiftMemoGameApp.swift in Sources */ = {isa = PBXBuildFile; fileRef = B8EFB86E2ADEB4790049F961 /* LabSwiftMemoGameApp.swift */; };
		B8EFB8712ADEB4790049F961 /* ContentView.swift in Sources */ = {isa = PBXBuildFile; fileRef = B8EFB8702ADEB4790049F961 /* ContentView.swift */; };
		B8EFB8732ADEB47A0049F961 /* Assets.xcassets in Resources */ = {isa = PBXBuildFile; fileRef = B8EFB8722ADEB47A0049F961 /* Assets.xcassets */; };
		B8EFB8762ADEB47A0049F961 /* Preview Assets.xcassets in Resources */ = {isa = PBXBuildFile; fileRef = B8EFB8752ADEB47A0049F961 /* Preview Assets.xcassets */; };
		B8EFB8802ADEB47A0049F961 /* LabSwiftMemoGameAppTests.swift in Sources */ = {isa = PBXBuildFile; fileRef = B8EFB87F2ADEB47A0049F961 /* LabSwiftMemoGameAppTests.swift */; };
		B8EFB88A2ADEB47A0049F961 /* LabSwiftMemoGameAppUITests.swift in Sources */ = {isa = PBXBuildFile; fileRef = B8EFB8892ADEB47A0049F961 /* LabSwiftMemoGameAppUITests.swift */; };
		B8EFB88C2ADEB47A0049F961 /* LabSwiftMemoGameAppUITestsLaunchTests.swift in Sources */ = {isa = PBXBuildFile; fileRef = B8EFB88B2ADEB47A0049F961 /* LabSwiftMemoGameAppUITestsLaunchTests.swift */; };
		B8EFB8992ADEB5240049F961 /* CardView.swift in Sources */ = {isa = PBXBuildFile; fileRef = B8EFB8982ADEB5240049F961 /* CardView.swift */; };
		B8F9F6842ADF363F004B7F13 /* ThemeButtonView.swift in Sources */ = {isa = PBXBuildFile; fileRef = B8F9F6832ADF363F004B7F13 /* ThemeButtonView.swift */; };
/* End PBXBuildFile section */

/* Begin PBXContainerItemProxy section */
		B8EFB87C2ADEB47A0049F961 /* PBXContainerItemProxy */ = {
			isa = PBXContainerItemProxy;
			containerPortal = B8EFB8632ADEB4790049F961 /* Project object */;
			proxyType = 1;
			remoteGlobalIDString = B8EFB86A2ADEB4790049F961;
			remoteInfo = Lab3_memo;
		};
		B8EFB8862ADEB47A0049F961 /* PBXContainerItemProxy */ = {
			isa = PBXContainerItemProxy;
			containerPortal = B8EFB8632ADEB4790049F961 /* Project object */;
			proxyType = 1;
			remoteGlobalIDString = B8EFB86A2ADEB4790049F961;
			remoteInfo = Lab3_memo;
		};
/* End PBXContainerItemProxy section */

/* Begin PBXFileReference section */
		B8110F622AFA7CBC004CD6B4 /* MemoGameModel.swift */ = {isa = PBXFileReference; lastKnownFileType = sourcecode.swift; path = MemoGameModel.swift; sourceTree = "<group>"; };
		B886BC032B19134100479A6F /* CirclePart.swift */ = {isa = PBXFileReference; lastKnownFileType = sourcecode.swift; path = CirclePart.swift; sourceTree = "<group>"; };
		B886BC052B191A5F00479A6F /* TransformIntoCard.swift */ = {isa = PBXFileReference; lastKnownFileType = sourcecode.swift; path = TransformIntoCard.swift; sourceTree = "<group>"; };
		B886BC072B19326200479A6F /* FlyingNumber.swift */ = {isa = PBXFileReference; lastKnownFileType = sourcecode.swift; path = FlyingNumber.swift; sourceTree = "<group>"; };
		B8871DA02AFBFADB00F53966 /* MemoGameViewModel.swift */ = {isa = PBXFileReference; lastKnownFileType = sourcecode.swift; path = MemoGameViewModel.swift; sourceTree = "<group>"; };
		B8EFB86B2ADEB4790049F961 /* LabSwiftMemoGame.app */ = {isa = PBXFileReference; explicitFileType = wrapper.application; includeInIndex = 0; path = LabSwiftMemoGame.app; sourceTree = BUILT_PRODUCTS_DIR; };
		B8EFB86E2ADEB4790049F961 /* LabSwiftMemoGameApp.swift */ = {isa = PBXFileReference; lastKnownFileType = sourcecode.swift; path = LabSwiftMemoGameApp.swift; sourceTree = "<group>"; };
		B8EFB8702ADEB4790049F961 /* ContentView.swift */ = {isa = PBXFileReference; lastKnownFileType = sourcecode.swift; path = ContentView.swift; sourceTree = "<group>"; };
		B8EFB8722ADEB47A0049F961 /* Assets.xcassets */ = {isa = PBXFileReference; lastKnownFileType = folder.assetcatalog; path = Assets.xcassets; sourceTree = "<group>"; };
		B8EFB8752ADEB47A0049F961 /* Preview Assets.xcassets */ = {isa = PBXFileReference; lastKnownFileType = folder.assetcatalog; path = "Preview Assets.xcassets"; sourceTree = "<group>"; };
		B8EFB87B2ADEB47A0049F961 /* LabSwiftMemoGameTests.xctest */ = {isa = PBXFileReference; explicitFileType = wrapper.cfbundle; includeInIndex = 0; path = LabSwiftMemoGameTests.xctest; sourceTree = BUILT_PRODUCTS_DIR; };
		B8EFB87F2ADEB47A0049F961 /* LabSwiftMemoGameAppTests.swift */ = {isa = PBXFileReference; lastKnownFileType = sourcecode.swift; path = LabSwiftMemoGameAppTests.swift; sourceTree = "<group>"; };
		B8EFB8852ADEB47A0049F961 /* LabSwiftMemoGameUITests.xctest */ = {isa = PBXFileReference; explicitFileType = wrapper.cfbundle; includeInIndex = 0; path = LabSwiftMemoGameUITests.xctest; sourceTree = BUILT_PRODUCTS_DIR; };
		B8EFB8892ADEB47A0049F961 /* LabSwiftMemoGameAppUITests.swift */ = {isa = PBXFileReference; lastKnownFileType = sourcecode.swift; path = LabSwiftMemoGameAppUITests.swift; sourceTree = "<group>"; };
		B8EFB88B2ADEB47A0049F961 /* LabSwiftMemoGameAppUITestsLaunchTests.swift */ = {isa = PBXFileReference; lastKnownFileType = sourcecode.swift; path = LabSwiftMemoGameAppUITestsLaunchTests.swift; sourceTree = "<group>"; };
		B8EFB8982ADEB5240049F961 /* CardView.swift */ = {isa = PBXFileReference; lastKnownFileType = sourcecode.swift; path = CardView.swift; sourceTree = "<group>"; };
		B8F9F6832ADF363F004B7F13 /* ThemeButtonView.swift */ = {isa = PBXFileReference; lastKnownFileType = sourcecode.swift; path = ThemeButtonView.swift; sourceTree = "<group>"; };
/* End PBXFileReference section */

/* Begin PBXFrameworksBuildPhase section */
		B8EFB8682ADEB4790049F961 /* Frameworks */ = {
			isa = PBXFrameworksBuildPhase;
			buildActionMask = 2147483647;
			files = (
			);
			runOnlyForDeploymentPostprocessing = 0;
		};
		B8EFB8782ADEB47A0049F961 /* Frameworks */ = {
			isa = PBXFrameworksBuildPhase;
			buildActionMask = 2147483647;
			files = (
			);
			runOnlyForDeploymentPostprocessing = 0;
		};
		B8EFB8822ADEB47A0049F961 /* Frameworks */ = {
			isa = PBXFrameworksBuildPhase;
			buildActionMask = 2147483647;
			files = (
			);
			runOnlyForDeploymentPostprocessing = 0;
		};
/* End PBXFrameworksBuildPhase section */

/* Begin PBXGroup section */
		B8EFB8622ADEB4790049F961 = {
			isa = PBXGroup;
			children = (
				B8EFB86D2ADEB4790049F961 /* LabSwiftMemoGame */,
				B8EFB87E2ADEB47A0049F961 /* LabSwiftMemoGameAppTests */,
				B8EFB8882ADEB47A0049F961 /* LabSwiftMemoGameAppUITests */,
				B8EFB86C2ADEB4790049F961 /* Products */,
			);
			sourceTree = "<group>";
		};
		B8EFB86C2ADEB4790049F961 /* Products */ = {
			isa = PBXGroup;
			children = (
				B8EFB86B2ADEB4790049F961 /* LabSwiftMemoGame.app */,
				B8EFB87B2ADEB47A0049F961 /* LabSwiftMemoGameTests.xctest */,
				B8EFB8852ADEB47A0049F961 /* LabSwiftMemoGameUITests.xctest */,
			);
			name = Products;
			sourceTree = "<group>";
		};
		B8EFB86D2ADEB4790049F961 /* LabSwiftMemoGame */ = {
			isa = PBXGroup;
			children = (
				B8EFB86E2ADEB4790049F961 /* LabSwiftMemoGameApp.swift */,
				B8EFB8702ADEB4790049F961 /* ContentView.swift */,
				B8EFB8722ADEB47A0049F961 /* Assets.xcassets */,
				B8EFB8742ADEB47A0049F961 /* Preview Content */,
				B8EFB8982ADEB5240049F961 /* CardView.swift */,
				B8F9F6832ADF363F004B7F13 /* ThemeButtonView.swift */,
				B8110F622AFA7CBC004CD6B4 /* MemoGameModel.swift */,
				B8871DA02AFBFADB00F53966 /* MemoGameViewModel.swift */,
				B886BC032B19134100479A6F /* CirclePart.swift */,
				B886BC052B191A5F00479A6F /* TransformIntoCard.swift */,
				B886BC072B19326200479A6F /* FlyingNumber.swift */,
			);
			path = LabSwiftMemoGame;
			sourceTree = "<group>";
		};
		B8EFB8742ADEB47A0049F961 /* Preview Content */ = {
			isa = PBXGroup;
			children = (
				B8EFB8752ADEB47A0049F961 /* Preview Assets.xcassets */,
			);
			path = "Preview Content";
			sourceTree = "<group>";
		};
		B8EFB87E2ADEB47A0049F961 /* LabSwiftMemoGameAppTests */ = {
			isa = PBXGroup;
			children = (
				B8EFB87F2ADEB47A0049F961 /* LabSwiftMemoGameAppTests.swift */,
			);
			path = LabSwiftMemoGameAppTests;
			sourceTree = "<group>";
		};
		B8EFB8882ADEB47A0049F961 /* LabSwiftMemoGameAppUITests */ = {
			isa = PBXGroup;
			children = (
				B8EFB8892ADEB47A0049F961 /* LabSwiftMemoGameAppUITests.swift */,
				B8EFB88B2ADEB47A0049F961 /* LabSwiftMemoGameAppUITestsLaunchTests.swift */,
			);
			path = LabSwiftMemoGameAppUITests;
			sourceTree = "<group>";
		};
/* End PBXGroup section */

/* Begin PBXNativeTarget section */
		B8EFB86A2ADEB4790049F961 /* LabSwiftMemoGame */ = {
			isa = PBXNativeTarget;
			buildConfigurationList = B8EFB88F2ADEB47A0049F961 /* Build configuration list for PBXNativeTarget "LabSwiftMemoGame" */;
			buildPhases = (
				B8EFB8672ADEB4790049F961 /* Sources */,
				B8EFB8682ADEB4790049F961 /* Frameworks */,
				B8EFB8692ADEB4790049F961 /* Resources */,
			);
			buildRules = (
			);
			dependencies = (
			);
			name = LabSwiftMemoGame;
			productName = Lab3_memo;
			productReference = B8EFB86B2ADEB4790049F961 /* LabSwiftMemoGame.app */;
			productType = "com.apple.product-type.application";
		};
		B8EFB87A2ADEB47A0049F961 /* LabSwiftMemoGameTests */ = {
			isa = PBXNativeTarget;
			buildConfigurationList = B8EFB8922ADEB47A0049F961 /* Build configuration list for PBXNativeTarget "LabSwiftMemoGameTests" */;
			buildPhases = (
				B8EFB8772ADEB47A0049F961 /* Sources */,
				B8EFB8782ADEB47A0049F961 /* Frameworks */,
				B8EFB8792ADEB47A0049F961 /* Resources */,
			);
			buildRules = (
			);
			dependencies = (
				B8EFB87D2ADEB47A0049F961 /* PBXTargetDependency */,
			);
			name = LabSwiftMemoGameTests;
			productName = Lab3_memoTests;
			productReference = B8EFB87B2ADEB47A0049F961 /* LabSwiftMemoGameTests.xctest */;
			productType = "com.apple.product-type.bundle.unit-test";
		};
		B8EFB8842ADEB47A0049F961 /* LabSwiftMemoGameUITests */ = {
			isa = PBXNativeTarget;
			buildConfigurationList = B8EFB8952ADEB47A0049F961 /* Build configuration list for PBXNativeTarget "LabSwiftMemoGameUITests" */;
			buildPhases = (
				B8EFB8812ADEB47A0049F961 /* Sources */,
				B8EFB8822ADEB47A0049F961 /* Frameworks */,
				B8EFB8832ADEB47A0049F961 /* Resources */,
			);
			buildRules = (
			);
			dependencies = (
				B8EFB8872ADEB47A0049F961 /* PBXTargetDependency */,
			);
			name = LabSwiftMemoGameUITests;
			productName = Lab3_memoUITests;
			productReference = B8EFB8852ADEB47A0049F961 /* LabSwiftMemoGameUITests.xctest */;
			productType = "com.apple.product-type.bundle.ui-testing";
		};
/* End PBXNativeTarget section */

/* Begin PBXProject section */
		B8EFB8632ADEB4790049F961 /* Project object */ = {
			isa = PBXProject;
			attributes = {
				BuildIndependentTargetsInParallel = 1;
				LastSwiftUpdateCheck = 1500;
				LastUpgradeCheck = 1500;
				TargetAttributes = {
					B8EFB86A2ADEB4790049F961 = {
						CreatedOnToolsVersion = 15.0;
					};
					B8EFB87A2ADEB47A0049F961 = {
						CreatedOnToolsVersion = 15.0;
						TestTargetID = B8EFB86A2ADEB4790049F961;
					};
					B8EFB8842ADEB47A0049F961 = {
						CreatedOnToolsVersion = 15.0;
						TestTargetID = B8EFB86A2ADEB4790049F961;
					};
				};
			};
			buildConfigurationList = B8EFB8662ADEB4790049F961 /* Build configuration list for PBXProject "LabSwiftMemoGame" */;
			compatibilityVersion = "Xcode 14.0";
			developmentRegion = en;
			hasScannedForEncodings = 0;
			knownRegions = (
				en,
				Base,
			);
			mainGroup = B8EFB8622ADEB4790049F961;
			productRefGroup = B8EFB86C2ADEB4790049F961 /* Products */;
			projectDirPath = "";
			projectRoot = "";
			targets = (
				B8EFB86A2ADEB4790049F961 /* LabSwiftMemoGame */,
				B8EFB87A2ADEB47A0049F961 /* LabSwiftMemoGameTests */,
				B8EFB8842ADEB47A0049F961 /* LabSwiftMemoGameUITests */,
			);
		};
/* End PBXProject section */

/* Begin PBXResourcesBuildPhase section */
		B8EFB8692ADEB4790049F961 /* Resources */ = {
			isa = PBXResourcesBuildPhase;
			buildActionMask = 2147483647;
			files = (
				B8EFB8762ADEB47A0049F961 /* Preview Assets.xcassets in Resources */,
				B8EFB8732ADEB47A0049F961 /* Assets.xcassets in Resources */,
			);
			runOnlyForDeploymentPostprocessing = 0;
		};
		B8EFB8792ADEB47A0049F961 /* Resources */ = {
			isa = PBXResourcesBuildPhase;
			buildActionMask = 2147483647;
			files = (
			);
			runOnlyForDeploymentPostprocessing = 0;
		};
		B8EFB8832ADEB47A0049F961 /* Resources */ = {
			isa = PBXResourcesBuildPhase;
			buildActionMask = 2147483647;
			files = (
			);
			runOnlyForDeploymentPostprocessing = 0;
		};
/* End PBXResourcesBuildPhase section */

/* Begin PBXSourcesBuildPhase section */
		B8EFB8672ADEB4790049F961 /* Sources */ = {
			isa = PBXSourcesBuildPhase;
			buildActionMask = 2147483647;
			files = (
				B8110F632AFA7CBC004CD6B4 /* MemoGameModel.swift in Sources */,
				B8EFB8712ADEB4790049F961 /* ContentView.swift in Sources */,
				B886BC082B19326200479A6F /* FlyingNumber.swift in Sources */,
				B886BC062B191A5F00479A6F /* TransformIntoCard.swift in Sources */,
				B886BC042B19134100479A6F /* CirclePart.swift in Sources */,
				B8871DA12AFBFADB00F53966 /* MemoGameViewModel.swift in Sources */,
				B8EFB8992ADEB5240049F961 /* CardView.swift in Sources */,
				B8F9F6842ADF363F004B7F13 /* ThemeButtonView.swift in Sources */,
				B8EFB86F2ADEB4790049F961 /* LabSwiftMemoGameApp.swift in Sources */,
			);
			runOnlyForDeploymentPostprocessing = 0;
		};
		B8EFB8772ADEB47A0049F961 /* Sources */ = {
			isa = PBXSourcesBuildPhase;
			buildActionMask = 2147483647;
			files = (
				B8EFB8802ADEB47A0049F961 /* LabSwiftMemoGameAppTests.swift in Sources */,
			);
			runOnlyForDeploymentPostprocessing = 0;
		};
		B8EFB8812ADEB47A0049F961 /* Sources */ = {
			isa = PBXSourcesBuildPhase;
			buildActionMask = 2147483647;
			files = (
				B8EFB88C2ADEB47A0049F961 /* LabSwiftMemoGameAppUITestsLaunchTests.swift in Sources */,
				B8EFB88A2ADEB47A0049F961 /* LabSwiftMemoGameAppUITests.swift in Sources */,
			);
			runOnlyForDeploymentPostprocessing = 0;
		};
/* End PBXSourcesBuildPhase section */

/* Begin PBXTargetDependency section */
		B8EFB87D2ADEB47A0049F961 /* PBXTargetDependency */ = {
			isa = PBXTargetDependency;
			target = B8EFB86A2ADEB4790049F961 /* LabSwiftMemoGame */;
			targetProxy = B8EFB87C2ADEB47A0049F961 /* PBXContainerItemProxy */;
		};
		B8EFB8872ADEB47A0049F961 /* PBXTargetDependency */ = {
			isa = PBXTargetDependency;
			target = B8EFB86A2ADEB4790049F961 /* LabSwiftMemoGame */;
			targetProxy = B8EFB8862ADEB47A0049F961 /* PBXContainerItemProxy */;
		};
/* End PBXTargetDependency section */

/* Begin XCBuildConfiguration section */
		B8EFB88D2ADEB47A0049F961 /* Debug */ = {
			isa = XCBuildConfiguration;
			buildSettings = {
				ALWAYS_SEARCH_USER_PATHS = NO;
				ASSETCATALOG_COMPILER_GENERATE_SWIFT_ASSET_SYMBOL_EXTENSIONS = YES;
				CLANG_ANALYZER_NONNULL = YES;
				CLANG_ANALYZER_NUMBER_OBJECT_CONVERSION = YES_AGGRESSIVE;
				CLANG_CXX_LANGUAGE_STANDARD = "gnu++20";
				CLANG_ENABLE_MODULES = YES;
				CLANG_ENABLE_OBJC_ARC = YES;
				CLANG_ENABLE_OBJC_WEAK = YES;
				CLANG_WARN_BLOCK_CAPTURE_AUTORELEASING = YES;
				CLANG_WARN_BOOL_CONVERSION = YES;
				CLANG_WARN_COMMA = YES;
				CLANG_WARN_CONSTANT_CONVERSION = YES;
				CLANG_WARN_DEPRECATED_OBJC_IMPLEMENTATIONS = YES;
				CLANG_WARN_DIRECT_OBJC_ISA_USAGE = YES_ERROR;
				CLANG_WARN_DOCUMENTATION_COMMENTS = YES;
				CLANG_WARN_EMPTY_BODY = YES;
				CLANG_WARN_ENUM_CONVERSION = YES;
				CLANG_WARN_INFINITE_RECURSION = YES;
				CLANG_WARN_INT_CONVERSION = YES;
				CLANG_WARN_NON_LITERAL_NULL_CONVERSION = YES;
				CLANG_WARN_OBJC_IMPLICIT_RETAIN_SELF = YES;
				CLANG_WARN_OBJC_LITERAL_CONVERSION = YES;
				CLANG_WARN_OBJC_ROOT_CLASS = YES_ERROR;
				CLANG_WARN_QUOTED_INCLUDE_IN_FRAMEWORK_HEADER = YES;
				CLANG_WARN_RANGE_LOOP_ANALYSIS = YES;
				CLANG_WARN_STRICT_PROTOTYPES = YES;
				CLANG_WARN_SUSPICIOUS_MOVE = YES;
				CLANG_WARN_UNGUARDED_AVAILABILITY = YES_AGGRESSIVE;
				CLANG_WARN_UNREACHABLE_CODE = YES;
				CLANG_WARN__DUPLICATE_METHOD_MATCH = YES;
				COPY_PHASE_STRIP = NO;
				DEBUG_INFORMATION_FORMAT = dwarf;
				ENABLE_STRICT_OBJC_MSGSEND = YES;
				ENABLE_TESTABILITY = YES;
				ENABLE_USER_SCRIPT_SANDBOXING = YES;
				GCC_C_LANGUAGE_STANDARD = gnu17;
				GCC_DYNAMIC_NO_PIC = NO;
				GCC_NO_COMMON_BLOCKS = YES;
				GCC_OPTIMIZATION_LEVEL = 0;
				GCC_PREPROCESSOR_DEFINITIONS = (
					"DEBUG=1",
					"$(inherited)",
				);
				GCC_WARN_64_TO_32_BIT_CONVERSION = YES;
				GCC_WARN_ABOUT_RETURN_TYPE = YES_ERROR;
				GCC_WARN_UNDECLARED_SELECTOR = YES;
				GCC_WARN_UNINITIALIZED_AUTOS = YES_AGGRESSIVE;
				GCC_WARN_UNUSED_FUNCTION = YES;
				GCC_WARN_UNUSED_VARIABLE = YES;
				IPHONEOS_DEPLOYMENT_TARGET = 17.0;
				LOCALIZATION_PREFERS_STRING_CATALOGS = YES;
				MTL_ENABLE_DEBUG_INFO = INCLUDE_SOURCE;
				MTL_FAST_MATH = YES;
				ONLY_ACTIVE_ARCH = YES;
				SDKROOT = iphoneos;
				SWIFT_ACTIVE_COMPILATION_CONDITIONS = "DEBUG $(inherited)";
				SWIFT_OPTIMIZATION_LEVEL = "-Onone";
			};
			name = Debug;
		};
		B8EFB88E2ADEB47A0049F961 /* Release */ = {
			isa = XCBuildConfiguration;
			buildSettings = {
				ALWAYS_SEARCH_USER_PATHS = NO;
				ASSETCATALOG_COMPILER_GENERATE_SWIFT_ASSET_SYMBOL_EXTENSIONS = YES;
				CLANG_ANALYZER_NONNULL = YES;
				CLANG_ANALYZER_NUMBER_OBJECT_CONVERSION = YES_AGGRESSIVE;
				CLANG_CXX_LANGUAGE_STANDARD = "gnu++20";
				CLANG_ENABLE_MODULES = YES;
				CLANG_ENABLE_OBJC_ARC = YES;
				CLANG_ENABLE_OBJC_WEAK = YES;
				CLANG_WARN_BLOCK_CAPTURE_AUTORELEASING = YES;
				CLANG_WARN_BOOL_CONVERSION = YES;
				CLANG_WARN_COMMA = YES;
				CLANG_WARN_CONSTANT_CONVERSION = YES;
				CLANG_WARN_DEPRECATED_OBJC_IMPLEMENTATIONS = YES;
				CLANG_WARN_DIRECT_OBJC_ISA_USAGE = YES_ERROR;
				CLANG_WARN_DOCUMENTATION_COMMENTS = YES;
				CLANG_WARN_EMPTY_BODY = YES;
				CLANG_WARN_ENUM_CONVERSION = YES;
				CLANG_WARN_INFINITE_RECURSION = YES;
				CLANG_WARN_INT_CONVERSION = YES;
				CLANG_WARN_NON_LITERAL_NULL_CONVERSION = YES;
				CLANG_WARN_OBJC_IMPLICIT_RETAIN_SELF = YES;
				CLANG_WARN_OBJC_LITERAL_CONVERSION = YES;
				CLANG_WARN_OBJC_ROOT_CLASS = YES_ERROR;
				CLANG_WARN_QUOTED_INCLUDE_IN_FRAMEWORK_HEADER = YES;
				CLANG_WARN_RANGE_LOOP_ANALYSIS = YES;
				CLANG_WARN_STRICT_PROTOTYPES = YES;
				CLANG_WARN_SUSPICIOUS_MOVE = YES;
				CLANG_WARN_UNGUARDED_AVAILABILITY = YES_AGGRESSIVE;
				CLANG_WARN_UNREACHABLE_CODE = YES;
				CLANG_WARN__DUPLICATE_METHOD_MATCH = YES;
				COPY_PHASE_STRIP = NO;
				DEBUG_INFORMATION_FORMAT = "dwarf-with-dsym";
				ENABLE_NS_ASSERTIONS = NO;
				ENABLE_STRICT_OBJC_MSGSEND = YES;
				ENABLE_USER_SCRIPT_SANDBOXING = YES;
				GCC_C_LANGUAGE_STANDARD = gnu17;
				GCC_NO_COMMON_BLOCKS = YES;
				GCC_WARN_64_TO_32_BIT_CONVERSION = YES;
				GCC_WARN_ABOUT_RETURN_TYPE = YES_ERROR;
				GCC_WARN_UNDECLARED_SELECTOR = YES;
				GCC_WARN_UNINITIALIZED_AUTOS = YES_AGGRESSIVE;
				GCC_WARN_UNUSED_FUNCTION = YES;
				GCC_WARN_UNUSED_VARIABLE = YES;
				IPHONEOS_DEPLOYMENT_TARGET = 17.0;
				LOCALIZATION_PREFERS_STRING_CATALOGS = YES;
				MTL_ENABLE_DEBUG_INFO = NO;
				MTL_FAST_MATH = YES;
				SDKROOT = iphoneos;
				SWIFT_COMPILATION_MODE = wholemodule;
				VALIDATE_PRODUCT = YES;
			};
			name = Release;
		};
		B8EFB8902ADEB47A0049F961 /* Debug */ = {
			isa = XCBuildConfiguration;
			buildSettings = {
				ASSETCATALOG_COMPILER_APPICON_NAME = AppIcon;
				ASSETCATALOG_COMPILER_GLOBAL_ACCENT_COLOR_NAME = AccentColor;
				CODE_SIGN_STYLE = Automatic;
				CURRENT_PROJECT_VERSION = 1;
				DEVELOPMENT_ASSET_PATHS = "\"LabSwiftMemoGame/Preview Content\"";
				ENABLE_PREVIEWS = YES;
				GENERATE_INFOPLIST_FILE = YES;
				INFOPLIST_KEY_UIApplicationSceneManifest_Generation = YES;
				INFOPLIST_KEY_UIApplicationSupportsIndirectInputEvents = YES;
				INFOPLIST_KEY_UILaunchScreen_Generation = YES;
				INFOPLIST_KEY_UISupportedInterfaceOrientations_iPad = "UIInterfaceOrientationPortrait UIInterfaceOrientationPortraitUpsideDown UIInterfaceOrientationLandscapeLeft UIInterfaceOrientationLandscapeRight";
				INFOPLIST_KEY_UISupportedInterfaceOrientations_iPhone = "UIInterfaceOrientationPortrait UIInterfaceOrientationLandscapeLeft UIInterfaceOrientationLandscapeRight";
				LD_RUNPATH_SEARCH_PATHS = (
					"$(inherited)",
					"@executable_path/Frameworks",
				);
				MARKETING_VERSION = 1.0;
				PRODUCT_BUNDLE_IDENTIFIER = "pollub.Lab3-memo";
				PRODUCT_NAME = "$(TARGET_NAME)";
				SWIFT_EMIT_LOC_STRINGS = YES;
				SWIFT_VERSION = 5.0;
				TARGETED_DEVICE_FAMILY = "1,2";
			};
			name = Debug;
		};
		B8EFB8912ADEB47A0049F961 /* Release */ = {
			isa = XCBuildConfiguration;
			buildSettings = {
				ASSETCATALOG_COMPILER_APPICON_NAME = AppIcon;
				ASSETCATALOG_COMPILER_GLOBAL_ACCENT_COLOR_NAME = AccentColor;
				CODE_SIGN_STYLE = Automatic;
				CURRENT_PROJECT_VERSION = 1;
				DEVELOPMENT_ASSET_PATHS = "\"LabSwiftMemoGame/Preview Content\"";
				ENABLE_PREVIEWS = YES;
				GENERATE_INFOPLIST_FILE = YES;
				INFOPLIST_KEY_UIApplicationSceneManifest_Generation = YES;
				INFOPLIST_KEY_UIApplicationSupportsIndirectInputEvents = YES;
				INFOPLIST_KEY_UILaunchScreen_Generation = YES;
				INFOPLIST_KEY_UISupportedInterfaceOrientations_iPad = "UIInterfaceOrientationPortrait UIInterfaceOrientationPortraitUpsideDown UIInterfaceOrientationLandscapeLeft UIInterfaceOrientationLandscapeRight";
				INFOPLIST_KEY_UISupportedInterfaceOrientations_iPhone = "UIInterfaceOrientationPortrait UIInterfaceOrientationLandscapeLeft UIInterfaceOrientationLandscapeRight";
				LD_RUNPATH_SEARCH_PATHS = (
					"$(inherited)",
					"@executable_path/Frameworks",
				);
				MARKETING_VERSION = 1.0;
				PRODUCT_BUNDLE_IDENTIFIER = "pollub.Lab3-memo";
				PRODUCT_NAME = "$(TARGET_NAME)";
				SWIFT_EMIT_LOC_STRINGS = YES;
				SWIFT_VERSION = 5.0;
				TARGETED_DEVICE_FAMILY = "1,2";
			};
			name = Release;
		};
		B8EFB8932ADEB47A0049F961 /* Debug */ = {
			isa = XCBuildConfiguration;
			buildSettings = {
				ALWAYS_EMBED_SWIFT_STANDARD_LIBRARIES = YES;
				BUNDLE_LOADER = "$(TEST_HOST)";
				CODE_SIGN_STYLE = Automatic;
				CURRENT_PROJECT_VERSION = 1;
				GENERATE_INFOPLIST_FILE = YES;
				IPHONEOS_DEPLOYMENT_TARGET = 17.0;
				MARKETING_VERSION = 1.0;
				PRODUCT_BUNDLE_IDENTIFIER = "pollub.Lab3-memoTests";
				PRODUCT_NAME = "$(TARGET_NAME)";
				SWIFT_EMIT_LOC_STRINGS = NO;
				SWIFT_VERSION = 5.0;
				TARGETED_DEVICE_FAMILY = "1,2";
				TEST_HOST = "$(BUILT_PRODUCTS_DIR)/LabSwiftMemoGame.app/$(BUNDLE_EXECUTABLE_FOLDER_PATH)/LabSwiftMemoGame";
			};
			name = Debug;
		};
		B8EFB8942ADEB47A0049F961 /* Release */ = {
			isa = XCBuildConfiguration;
			buildSettings = {
				ALWAYS_EMBED_SWIFT_STANDARD_LIBRARIES = YES;
				BUNDLE_LOADER = "$(TEST_HOST)";
				CODE_SIGN_STYLE = Automatic;
				CURRENT_PROJECT_VERSION = 1;
				GENERATE_INFOPLIST_FILE = YES;
				IPHONEOS_DEPLOYMENT_TARGET = 17.0;
				MARKETING_VERSION = 1.0;
				PRODUCT_BUNDLE_IDENTIFIER = "pollub.Lab3-memoTests";
				PRODUCT_NAME = "$(TARGET_NAME)";
				SWIFT_EMIT_LOC_STRINGS = NO;
				SWIFT_VERSION = 5.0;
				TARGETED_DEVICE_FAMILY = "1,2";
				TEST_HOST = "$(BUILT_PRODUCTS_DIR)/LabSwiftMemoGame.app/$(BUNDLE_EXECUTABLE_FOLDER_PATH)/LabSwiftMemoGame";
			};
			name = Release;
		};
		B8EFB8962ADEB47A0049F961 /* Debug */ = {
			isa = XCBuildConfiguration;
			buildSettings = {
				ALWAYS_EMBED_SWIFT_STANDARD_LIBRARIES = YES;
				CODE_SIGN_STYLE = Automatic;
				CURRENT_PROJECT_VERSION = 1;
				GENERATE_INFOPLIST_FILE = YES;
				MARKETING_VERSION = 1.0;
				PRODUCT_BUNDLE_IDENTIFIER = "pollub.Lab3-memoUITests";
				PRODUCT_NAME = "$(TARGET_NAME)";
				SWIFT_EMIT_LOC_STRINGS = NO;
				SWIFT_VERSION = 5.0;
				TARGETED_DEVICE_FAMILY = "1,2";
				TEST_TARGET_NAME = Lab3_memo;
			};
			name = Debug;
		};
		B8EFB8972ADEB47A0049F961 /* Release */ = {
			isa = XCBuildConfiguration;
			buildSettings = {
				ALWAYS_EMBED_SWIFT_STANDARD_LIBRARIES = YES;
				CODE_SIGN_STYLE = Automatic;
				CURRENT_PROJECT_VERSION = 1;
				GENERATE_INFOPLIST_FILE = YES;
				MARKETING_VERSION = 1.0;
				PRODUCT_BUNDLE_IDENTIFIER = "pollub.Lab3-memoUITests";
				PRODUCT_NAME = "$(TARGET_NAME)";
				SWIFT_EMIT_LOC_STRINGS = NO;
				SWIFT_VERSION = 5.0;
				TARGETED_DEVICE_FAMILY = "1,2";
				TEST_TARGET_NAME = Lab3_memo;
			};
			name = Release;
		};
/* End XCBuildConfiguration section */

/* Begin XCConfigurationList section */
		B8EFB8662ADEB4790049F961 /* Build configuration list for PBXProject "LabSwiftMemoGame" */ = {
			isa = XCConfigurationList;
			buildConfigurations = (
				B8EFB88D2ADEB47A0049F961 /* Debug */,
				B8EFB88E2ADEB47A0049F961 /* Release */,
			);
			defaultConfigurationIsVisible = 0;
			defaultConfigurationName = Release;
		};
		B8EFB88F2ADEB47A0049F961 /* Build configuration list for PBXNativeTarget "LabSwiftMemoGame" */ = {
			isa = XCConfigurationList;
			buildConfigurations = (
				B8EFB8902ADEB47A0049F961 /* Debug */,
				B8EFB8912ADEB47A0049F961 /* Release */,
			);
			defaultConfigurationIsVisible = 0;
			defaultConfigurationName = Release;
		};
		B8EFB8922ADEB47A0049F961 /* Build configuration list for PBXNativeTarget "LabSwiftMemoGameTests" */ = {
			isa = XCConfigurationList;
			buildConfigurations = (
				B8EFB8932ADEB47A0049F961 /* Debug */,
				B8EFB8942ADEB47A0049F961 /* Release */,
			);
			defaultConfigurationIsVisible = 0;
			defaultConfigurationName = Release;
		};
		B8EFB8952ADEB47A0049F961 /* Build configuration list for PBXNativeTarget "LabSwiftMemoGameUITests" */ = {
			isa = XCConfigurationList;
			buildConfigurations = (
				B8EFB8962ADEB47A0049F961 /* Debug */,
				B8EFB8972ADEB47A0049F961 /* Release */,
			);
			defaultConfigurationIsVisible = 0;
			defaultConfigurationName = Release;
		};
/* End XCConfigurationList section */
	};
	rootObject = B8EFB8632ADEB4790049F961 /* Project object */;
}
